
Microsoft Visual Studio Solution File, Format Version 12.00
# Visual Studio Version 17
VisualStudioVersion = 17.5.002.0
MinimumVisualStudioVersion = 10.0.40219.1
Project("{2150E333-8FDC-42A3-9474-1A3956D46DE8}") = "src", "src", "{0105826D-32AD-4182-85DD-401C918AB42D}"
EndProject
Project("{9A19103F-16F7-4668-BE54-9A1E7A4F7556}") = "Qr.MS", "src\Qr.MS\Qr.MS.csproj", "{47B3DF70-B6D4-405A-A851-8A5C3DC69C8F}"
EndProject
Global
	GlobalSection(SolutionConfigurationPlatforms) = preSolution
		Debug|Any CPU = Debug|Any CPU
		Release|Any CPU = Release|Any CPU
	EndGlobalSection
	GlobalSection(ProjectConfigurationPlatforms) = postSolution
		{47B3DF70-B6D4-405A-A851-8A5C3DC69C8F}.Debug|Any CPU.ActiveCfg = Debug|Any CPU
		{47B3DF70-B6D4-405A-A851-8A5C3DC69C8F}.Debug|Any CPU.Build.0 = Debug|Any CPU
		{47B3DF70-B6D4-405A-A851-8A5C3DC69C8F}.Release|Any CPU.ActiveCfg = Release|Any CPU
		{47B3DF70-B6D4-405A-A851-8A5C3DC69C8F}.Release|Any CPU.Build.0 = Release|Any CPU
	EndGlobalSection
	GlobalSection(SolutionProperties) = preSolution
		HideSolutionNode = FALSE
	EndGlobalSection
	GlobalSection(NestedProjects) = preSolution
		{47B3DF70-B6D4-405A-A851-8A5C3DC69C8F} = {0105826D-32AD-4182-85DD-401C918AB42D}
	EndGlobalSection
	GlobalSection(ExtensibilityGlobals) = postSolution
		SolutionGuid = {512C667F-53AC-4C7E-AC7C-006129928444}
	EndGlobalSection
EndGlobal
